
Microsoft Visual Studio Solution File, Format Version 12.00
# Visual Studio Version 17
VisualStudioVersion = 17.9.34723.18
MinimumVisualStudioVersion = 10.0.40219.1
Project("{FAE04EC0-301F-11D3-BF4B-00C04F79EFBC}") = "BlazorDXCRUD", "BlazorDXCRUD\BlazorDXCRUD\BlazorDXCRUD.csproj", "{583570D1-C1D9-4C8B-882E-2C7AD72E2E28}"
EndProject
Global
	GlobalSection(SolutionConfigurationPlatforms) = preSolution
		Debug|Any CPU = Debug|Any CPU
		Release|Any CPU = Release|Any CPU
	EndGlobalSection
	GlobalSection(ProjectConfigurationPlatforms) = postSolution
		{583570D1-C1D9-4C8B-882E-2C7AD72E2E28}.Debug|Any CPU.ActiveCfg = Debug|Any CPU
		{583570D1-C1D9-4C8B-882E-2C7AD72E2E28}.Debug|Any CPU.Build.0 = Debug|Any CPU
		{583570D1-C1D9-4C8B-882E-2C7AD72E2E28}.Release|Any CPU.ActiveCfg = Release|Any CPU
		{583570D1-C1D9-4C8B-882E-2C7AD72E2E28}.Release|Any CPU.Build.0 = Release|Any CPU
	EndGlobalSection
	GlobalSection(SolutionProperties) = preSolution
		HideSolutionNode = FALSE
	EndGlobalSection
	GlobalSection(ExtensibilityGlobals) = postSolution
		SolutionGuid = {2849EBC5-4A33-4A1D-BDFF-4C752AB26C31}
	EndGlobalSection
EndGlobal
